// !$*UTF8*$!
{
	archiveVersion = 1;
	classes = {
	};
	objectVersion = 50;
	objects = {

/* Begin PBXBuildFile section */
		D8727AF324BA393900D1A524 /* AppDelegate.swift in Sources */ = {isa = PBXBuildFile; fileRef = D8727AF224BA393900D1A524 /* AppDelegate.swift */; };
		D8727AF524BA393900D1A524 /* SceneDelegate.swift in Sources */ = {isa = PBXBuildFile; fileRef = D8727AF424BA393900D1A524 /* SceneDelegate.swift */; };
		D8727AF724BA393900D1A524 /* ViewController.swift in Sources */ = {isa = PBXBuildFile; fileRef = D8727AF624BA393900D1A524 /* ViewController.swift */; };
		D8727AFA24BA393900D1A524 /* Main.storyboard in Resources */ = {isa = PBXBuildFile; fileRef = D8727AF824BA393900D1A524 /* Main.storyboard */; };
		D8727AFC24BA393E00D1A524 /* Assets.xcassets in Resources */ = {isa = PBXBuildFile; fileRef = D8727AFB24BA393E00D1A524 /* Assets.xcassets */; };
		D8727AFF24BA393E00D1A524 /* LaunchScreen.storyboard in Resources */ = {isa = PBXBuildFile; fileRef = D8727AFD24BA393E00D1A524 /* LaunchScreen.storyboard */; };
		D8727B0A24BA393E00D1A524 /* iOS_SandboxTests.swift in Sources */ = {isa = PBXBuildFile; fileRef = D8727B0924BA393E00D1A524 /* iOS_SandboxTests.swift */; };
		D8727B1524BA393E00D1A524 /* iOS_SandboxUITests.swift in Sources */ = {isa = PBXBuildFile; fileRef = D8727B1424BA393E00D1A524 /* iOS_SandboxUITests.swift */; };
/* End PBXBuildFile section */

/* Begin PBXContainerItemProxy section */
		D8727B0624BA393E00D1A524 /* PBXContainerItemProxy */ = {
			isa = PBXContainerItemProxy;
			containerPortal = D8727AE724BA393900D1A524 /* Project object */;
			proxyType = 1;
			remoteGlobalIDString = D8727AEE24BA393900D1A524;
			remoteInfo = "iOS-Sandbox";
		};
		D8727B1124BA393E00D1A524 /* PBXContainerItemProxy */ = {
			isa = PBXContainerItemProxy;
			containerPortal = D8727AE724BA393900D1A524 /* Project object */;
			proxyType = 1;
			remoteGlobalIDString = D8727AEE24BA393900D1A524;
			remoteInfo = "iOS-Sandbox";
		};
/* End PBXContainerItemProxy section */

/* Begin PBXFileReference section */
		D8727AEF24BA393900D1A524 /* iOS-Sandbox.app */ = {isa = PBXFileReference; explicitFileType = wrapper.application; includeInIndex = 0; path = "iOS-Sandbox.app"; sourceTree = BUILT_PRODUCTS_DIR; };
		D8727AF224BA393900D1A524 /* AppDelegate.swift */ = {isa = PBXFileReference; lastKnownFileType = sourcecode.swift; path = AppDelegate.swift; sourceTree = "<group>"; };
		D8727AF424BA393900D1A524 /* SceneDelegate.swift */ = {isa = PBXFileReference; lastKnownFileType = sourcecode.swift; path = SceneDelegate.swift; sourceTree = "<group>"; };
		D8727AF624BA393900D1A524 /* ViewController.swift */ = {isa = PBXFileReference; lastKnownFileType = sourcecode.swift; path = ViewController.swift; sourceTree = "<group>"; };
		D8727AF924BA393900D1A524 /* Base */ = {isa = PBXFileReference; lastKnownFileType = file.storyboard; name = Base; path = Base.lproj/Main.storyboard; sourceTree = "<group>"; };
		D8727AFB24BA393E00D1A524 /* Assets.xcassets */ = {isa = PBXFileReference; lastKnownFileType = folder.assetcatalog; path = Assets.xcassets; sourceTree = "<group>"; };
		D8727AFE24BA393E00D1A524 /* Base */ = {isa = PBXFileReference; lastKnownFileType = file.storyboard; name = Base; path = Base.lproj/LaunchScreen.storyboard; sourceTree = "<group>"; };
		D8727B0024BA393E00D1A524 /* Info.plist */ = {isa = PBXFileReference; lastKnownFileType = text.plist.xml; path = Info.plist; sourceTree = "<group>"; };
		D8727B0524BA393E00D1A524 /* iOS-SandboxTests.xctest */ = {isa = PBXFileReference; explicitFileType = wrapper.cfbundle; includeInIndex = 0; path = "iOS-SandboxTests.xctest"; sourceTree = BUILT_PRODUCTS_DIR; };
		D8727B0924BA393E00D1A524 /* iOS_SandboxTests.swift */ = {isa = PBXFileReference; lastKnownFileType = sourcecode.swift; path = iOS_SandboxTests.swift; sourceTree = "<group>"; };
		D8727B0B24BA393E00D1A524 /* Info.plist */ = {isa = PBXFileReference; lastKnownFileType = text.plist.xml; path = Info.plist; sourceTree = "<group>"; };
		D8727B1024BA393E00D1A524 /* iOS-SandboxUITests.xctest */ = {isa = PBXFileReference; explicitFileType = wrapper.cfbundle; includeInIndex = 0; path = "iOS-SandboxUITests.xctest"; sourceTree = BUILT_PRODUCTS_DIR; };
		D8727B1424BA393E00D1A524 /* iOS_SandboxUITests.swift */ = {isa = PBXFileReference; lastKnownFileType = sourcecode.swift; path = iOS_SandboxUITests.swift; sourceTree = "<group>"; };
		D8727B1624BA393E00D1A524 /* Info.plist */ = {isa = PBXFileReference; lastKnownFileType = text.plist.xml; path = Info.plist; sourceTree = "<group>"; };
/* End PBXFileReference section */

/* Begin PBXFrameworksBuildPhase section */
		D8727AEC24BA393900D1A524 /* Frameworks */ = {
			isa = PBXFrameworksBuildPhase;
			buildActionMask = 2147483647;
			files = (
			);
			runOnlyForDeploymentPostprocessing = 0;
		};
		D8727B0224BA393E00D1A524 /* Frameworks */ = {
			isa = PBXFrameworksBuildPhase;
			buildActionMask = 2147483647;
			files = (
			);
			runOnlyForDeploymentPostprocessing = 0;
		};
		D8727B0D24BA393E00D1A524 /* Frameworks */ = {
			isa = PBXFrameworksBuildPhase;
			buildActionMask = 2147483647;
			files = (
			);
			runOnlyForDeploymentPostprocessing = 0;
		};
/* End PBXFrameworksBuildPhase section */

/* Begin PBXGroup section */
		D8727AE624BA393900D1A524 = {
			isa = PBXGroup;
			children = (
				D8727AF124BA393900D1A524 /* iOS-Sandbox */,
				D8727B0824BA393E00D1A524 /* iOS-SandboxTests */,
				D8727B1324BA393E00D1A524 /* iOS-SandboxUITests */,
				D8727AF024BA393900D1A524 /* Products */,
			);
			sourceTree = "<group>";
		};
		D8727AF024BA393900D1A524 /* Products */ = {
			isa = PBXGroup;
			children = (
				D8727AEF24BA393900D1A524 /* iOS-Sandbox.app */,
				D8727B0524BA393E00D1A524 /* iOS-SandboxTests.xctest */,
				D8727B1024BA393E00D1A524 /* iOS-SandboxUITests.xctest */,
			);
			name = Products;
			sourceTree = "<group>";
		};
		D8727AF124BA393900D1A524 /* iOS-Sandbox */ = {
			isa = PBXGroup;
			children = (
				D8727AF224BA393900D1A524 /* AppDelegate.swift */,
				D8727AF424BA393900D1A524 /* SceneDelegate.swift */,
				D8727AF624BA393900D1A524 /* ViewController.swift */,
				D8727AF824BA393900D1A524 /* Main.storyboard */,
				D8727AFB24BA393E00D1A524 /* Assets.xcassets */,
				D8727AFD24BA393E00D1A524 /* LaunchScreen.storyboard */,
				D8727B0024BA393E00D1A524 /* Info.plist */,
			);
			path = "iOS-Sandbox";
			sourceTree = "<group>";
		};
		D8727B0824BA393E00D1A524 /* iOS-SandboxTests */ = {
			isa = PBXGroup;
			children = (
				D8727B0924BA393E00D1A524 /* iOS_SandboxTests.swift */,
				D8727B0B24BA393E00D1A524 /* Info.plist */,
			);
			path = "iOS-SandboxTests";
			sourceTree = "<group>";
		};
		D8727B1324BA393E00D1A524 /* iOS-SandboxUITests */ = {
			isa = PBXGroup;
			children = (
				D8727B1424BA393E00D1A524 /* iOS_SandboxUITests.swift */,
				D8727B1624BA393E00D1A524 /* Info.plist */,
			);
			path = "iOS-SandboxUITests";
			sourceTree = "<group>";
		};
/* End PBXGroup section */

/* Begin PBXNativeTarget section */
		D8727AEE24BA393900D1A524 /* iOS-Sandbox */ = {
			isa = PBXNativeTarget;
			buildConfigurationList = D8727B1924BA393E00D1A524 /* Build configuration list for PBXNativeTarget "iOS-Sandbox" */;
			buildPhases = (
				D8727AEB24BA393900D1A524 /* Sources */,
				D8727AEC24BA393900D1A524 /* Frameworks */,
				D8727AED24BA393900D1A524 /* Resources */,
			);
			buildRules = (
			);
			dependencies = (
			);
			name = "iOS-Sandbox";
			productName = "iOS-Sandbox";
			productReference = D8727AEF24BA393900D1A524 /* iOS-Sandbox.app */;
			productType = "com.apple.product-type.application";
		};
		D8727B0424BA393E00D1A524 /* iOS-SandboxTests */ = {
			isa = PBXNativeTarget;
			buildConfigurationList = D8727B1C24BA393E00D1A524 /* Build configuration list for PBXNativeTarget "iOS-SandboxTests" */;
			buildPhases = (
				D8727B0124BA393E00D1A524 /* Sources */,
				D8727B0224BA393E00D1A524 /* Frameworks */,
				D8727B0324BA393E00D1A524 /* Resources */,
			);
			buildRules = (
			);
			dependencies = (
				D8727B0724BA393E00D1A524 /* PBXTargetDependency */,
			);
			name = "iOS-SandboxTests";
			productName = "iOS-SandboxTests";
			productReference = D8727B0524BA393E00D1A524 /* iOS-SandboxTests.xctest */;
			productType = "com.apple.product-type.bundle.unit-test";
		};
		D8727B0F24BA393E00D1A524 /* iOS-SandboxUITests */ = {
			isa = PBXNativeTarget;
			buildConfigurationList = D8727B1F24BA393E00D1A524 /* Build configuration list for PBXNativeTarget "iOS-SandboxUITests" */;
			buildPhases = (
				D8727B0C24BA393E00D1A524 /* Sources */,
				D8727B0D24BA393E00D1A524 /* Frameworks */,
				D8727B0E24BA393E00D1A524 /* Resources */,
			);
			buildRules = (
			);
			dependencies = (
				D8727B1224BA393E00D1A524 /* PBXTargetDependency */,
			);
			name = "iOS-SandboxUITests";
			productName = "iOS-SandboxUITests";
			productReference = D8727B1024BA393E00D1A524 /* iOS-SandboxUITests.xctest */;
			productType = "com.apple.product-type.bundle.ui-testing";
		};
/* End PBXNativeTarget section */

/* Begin PBXProject section */
		D8727AE724BA393900D1A524 /* Project object */ = {
			isa = PBXProject;
			attributes = {
				LastSwiftUpdateCheck = 1150;
				LastUpgradeCheck = 1150;
				ORGANIZATIONNAME = Ashish;
				TargetAttributes = {
					D8727AEE24BA393900D1A524 = {
						CreatedOnToolsVersion = 11.5;
					};
					D8727B0424BA393E00D1A524 = {
						CreatedOnToolsVersion = 11.5;
						TestTargetID = D8727AEE24BA393900D1A524;
					};
					D8727B0F24BA393E00D1A524 = {
						CreatedOnToolsVersion = 11.5;
						TestTargetID = D8727AEE24BA393900D1A524;
					};
				};
			};
			buildConfigurationList = D8727AEA24BA393900D1A524 /* Build configuration list for PBXProject "iOS-Sandbox" */;
			compatibilityVersion = "Xcode 9.3";
			developmentRegion = en;
			hasScannedForEncodings = 0;
			knownRegions = (
				en,
				Base,
			);
			mainGroup = D8727AE624BA393900D1A524;
			productRefGroup = D8727AF024BA393900D1A524 /* Products */;
			projectDirPath = "";
			projectRoot = "";
			targets = (
				D8727AEE24BA393900D1A524 /* iOS-Sandbox */,
				D8727B0424BA393E00D1A524 /* iOS-SandboxTests */,
				D8727B0F24BA393E00D1A524 /* iOS-SandboxUITests */,
			);
		};
/* End PBXProject section */

/* Begin PBXResourcesBuildPhase section */
		D8727AED24BA393900D1A524 /* Resources */ = {
			isa = PBXResourcesBuildPhase;
			buildActionMask = 2147483647;
			files = (
				D8727AFF24BA393E00D1A524 /* LaunchScreen.storyboard in Resources */,
				D8727AFC24BA393E00D1A524 /* Assets.xcassets in Resources */,
				D8727AFA24BA393900D1A524 /* Main.storyboard in Resources */,
			);
			runOnlyForDeploymentPostprocessing = 0;
		};
		D8727B0324BA393E00D1A524 /* Resources */ = {
			isa = PBXResourcesBuildPhase;
			buildActionMask = 2147483647;
			files = (
			);
			runOnlyForDeploymentPostprocessing = 0;
		};
		D8727B0E24BA393E00D1A524 /* Resources */ = {
			isa = PBXResourcesBuildPhase;
			buildActionMask = 2147483647;
			files = (
			);
			runOnlyForDeploymentPostprocessing = 0;
		};
/* End PBXResourcesBuildPhase section */

/* Begin PBXSourcesBuildPhase section */
		D8727AEB24BA393900D1A524 /* Sources */ = {
			isa = PBXSourcesBuildPhase;
			buildActionMask = 2147483647;
			files = (
				D8727AF724BA393900D1A524 /* ViewController.swift in Sources */,
				D8727AF324BA393900D1A524 /* AppDelegate.swift in Sources */,
				D8727AF524BA393900D1A524 /* SceneDelegate.swift in Sources */,
			);
			runOnlyForDeploymentPostprocessing = 0;
		};
		D8727B0124BA393E00D1A524 /* Sources */ = {
			isa = PBXSourcesBuildPhase;
			buildActionMask = 2147483647;
			files = (
				D8727B0A24BA393E00D1A524 /* iOS_SandboxTests.swift in Sources */,
			);
			runOnlyForDeploymentPostprocessing = 0;
		};
		D8727B0C24BA393E00D1A524 /* Sources */ = {
			isa = PBXSourcesBuildPhase;
			buildActionMask = 2147483647;
			files = (
				D8727B1524BA393E00D1A524 /* iOS_SandboxUITests.swift in Sources */,
			);
			runOnlyForDeploymentPostprocessing = 0;
		};
/* End PBXSourcesBuildPhase section */

/* Begin PBXTargetDependency section */
		D8727B0724BA393E00D1A524 /* PBXTargetDependency */ = {
			isa = PBXTargetDependency;
			target = D8727AEE24BA393900D1A524 /* iOS-Sandbox */;
			targetProxy = D8727B0624BA393E00D1A524 /* PBXContainerItemProxy */;
		};
		D8727B1224BA393E00D1A524 /* PBXTargetDependency */ = {
			isa = PBXTargetDependency;
			target = D8727AEE24BA393900D1A524 /* iOS-Sandbox */;
			targetProxy = D8727B1124BA393E00D1A524 /* PBXContainerItemProxy */;
		};
/* End PBXTargetDependency section */

/* Begin PBXVariantGroup section */
		D8727AF824BA393900D1A524 /* Main.storyboard */ = {
			isa = PBXVariantGroup;
			children = (
				D8727AF924BA393900D1A524 /* Base */,
			);
			name = Main.storyboard;
			sourceTree = "<group>";
		};
		D8727AFD24BA393E00D1A524 /* LaunchScreen.storyboard */ = {
			isa = PBXVariantGroup;
			children = (
				D8727AFE24BA393E00D1A524 /* Base */,
			);
			name = LaunchScreen.storyboard;
			sourceTree = "<group>";
		};
/* End PBXVariantGroup section */

/* Begin XCBuildConfiguration section */
		D8727B1724BA393E00D1A524 /* Debug */ = {
			isa = XCBuildConfiguration;
			buildSettings = {
				ALWAYS_SEARCH_USER_PATHS = NO;
				CLANG_ANALYZER_NONNULL = YES;
				CLANG_ANALYZER_NUMBER_OBJECT_CONVERSION = YES_AGGRESSIVE;
				CLANG_CXX_LANGUAGE_STANDARD = "gnu++14";
				CLANG_CXX_LIBRARY = "libc++";
				CLANG_ENABLE_MODULES = YES;
				CLANG_ENABLE_OBJC_ARC = YES;
				CLANG_ENABLE_OBJC_WEAK = YES;
				CLANG_WARN_BLOCK_CAPTURE_AUTORELEASING = YES;
				CLANG_WARN_BOOL_CONVERSION = YES;
				CLANG_WARN_COMMA = YES;
				CLANG_WARN_CONSTANT_CONVERSION = YES;
				CLANG_WARN_DEPRECATED_OBJC_IMPLEMENTATIONS = YES;
				CLANG_WARN_DIRECT_OBJC_ISA_USAGE = YES_ERROR;
				CLANG_WARN_DOCUMENTATION_COMMENTS = YES;
				CLANG_WARN_EMPTY_BODY = YES;
				CLANG_WARN_ENUM_CONVERSION = YES;
				CLANG_WARN_INFINITE_RECURSION = YES;
				CLANG_WARN_INT_CONVERSION = YES;
				CLANG_WARN_NON_LITERAL_NULL_CONVERSION = YES;
				CLANG_WARN_OBJC_IMPLICIT_RETAIN_SELF = YES;
				CLANG_WARN_OBJC_LITERAL_CONVERSION = YES;
				CLANG_WARN_OBJC_ROOT_CLASS = YES_ERROR;
				CLANG_WARN_RANGE_LOOP_ANALYSIS = YES;
				CLANG_WARN_STRICT_PROTOTYPES = YES;
				CLANG_WARN_SUSPICIOUS_MOVE = YES;
				CLANG_WARN_UNGUARDED_AVAILABILITY = YES_AGGRESSIVE;
				CLANG_WARN_UNREACHABLE_CODE = YES;
				CLANG_WARN__DUPLICATE_METHOD_MATCH = YES;
				COPY_PHASE_STRIP = NO;
				DEBUG_INFORMATION_FORMAT = dwarf;
				ENABLE_STRICT_OBJC_MSGSEND = YES;
				ENABLE_TESTABILITY = YES;
				GCC_C_LANGUAGE_STANDARD = gnu11;
				GCC_DYNAMIC_NO_PIC = NO;
				GCC_NO_COMMON_BLOCKS = YES;
				GCC_OPTIMIZATION_LEVEL = 0;
				GCC_PREPROCESSOR_DEFINITIONS = (
					"DEBUG=1",
					"$(inherited)",
				);
				GCC_WARN_64_TO_32_BIT_CONVERSION = YES;
				GCC_WARN_ABOUT_RETURN_TYPE = YES_ERROR;
				GCC_WARN_UNDECLARED_SELECTOR = YES;
				GCC_WARN_UNINITIALIZED_AUTOS = YES_AGGRESSIVE;
				GCC_WARN_UNUSED_FUNCTION = YES;
				GCC_WARN_UNUSED_VARIABLE = YES;
				IPHONEOS_DEPLOYMENT_TARGET = 13.5;
				MTL_ENABLE_DEBUG_INFO = INCLUDE_SOURCE;
				MTL_FAST_MATH = YES;
				ONLY_ACTIVE_ARCH = YES;
				SDKROOT = iphoneos;
				SWIFT_ACTIVE_COMPILATION_CONDITIONS = DEBUG;
				SWIFT_OPTIMIZATION_LEVEL = "-Onone";
			};
			name = Debug;
		};
		D8727B1824BA393E00D1A524 /* Release */ = {
			isa = XCBuildConfiguration;
			buildSettings = {
				ALWAYS_SEARCH_USER_PATHS = NO;
				CLANG_ANALYZER_NONNULL = YES;
				CLANG_ANALYZER_NUMBER_OBJECT_CONVERSION = YES_AGGRESSIVE;
				CLANG_CXX_LANGUAGE_STANDARD = "gnu++14";
				CLANG_CXX_LIBRARY = "libc++";
				CLANG_ENABLE_MODULES = YES;
				CLANG_ENABLE_OBJC_ARC = YES;
				CLANG_ENABLE_OBJC_WEAK = YES;
				CLANG_WARN_BLOCK_CAPTURE_AUTORELEASING = YES;
				CLANG_WARN_BOOL_CONVERSION = YES;
				CLANG_WARN_COMMA = YES;
				CLANG_WARN_CONSTANT_CONVERSION = YES;
				CLANG_WARN_DEPRECATED_OBJC_IMPLEMENTATIONS = YES;
				CLANG_WARN_DIRECT_OBJC_ISA_USAGE = YES_ERROR;
				CLANG_WARN_DOCUMENTATION_COMMENTS = YES;
				CLANG_WARN_EMPTY_BODY = YES;
				CLANG_WARN_ENUM_CONVERSION = YES;
				CLANG_WARN_INFINITE_RECURSION = YES;
				CLANG_WARN_INT_CONVERSION = YES;
				CLANG_WARN_NON_LITERAL_NULL_CONVERSION = YES;
				CLANG_WARN_OBJC_IMPLICIT_RETAIN_SELF = YES;
				CLANG_WARN_OBJC_LITERAL_CONVERSION = YES;
				CLANG_WARN_OBJC_ROOT_CLASS = YES_ERROR;
				CLANG_WARN_RANGE_LOOP_ANALYSIS = YES;
				CLANG_WARN_STRICT_PROTOTYPES = YES;
				CLANG_WARN_SUSPICIOUS_MOVE = YES;
				CLANG_WARN_UNGUARDED_AVAILABILITY = YES_AGGRESSIVE;
				CLANG_WARN_UNREACHABLE_CODE = YES;
				CLANG_WARN__DUPLICATE_METHOD_MATCH = YES;
				COPY_PHASE_STRIP = NO;
				DEBUG_INFORMATION_FORMAT = "dwarf-with-dsym";
				ENABLE_NS_ASSERTIONS = NO;
				ENABLE_STRICT_OBJC_MSGSEND = YES;
				GCC_C_LANGUAGE_STANDARD = gnu11;
				GCC_NO_COMMON_BLOCKS = YES;
				GCC_WARN_64_TO_32_BIT_CONVERSION = YES;
				GCC_WARN_ABOUT_RETURN_TYPE = YES_ERROR;
				GCC_WARN_UNDECLARED_SELECTOR = YES;
				GCC_WARN_UNINITIALIZED_AUTOS = YES_AGGRESSIVE;
				GCC_WARN_UNUSED_FUNCTION = YES;
				GCC_WARN_UNUSED_VARIABLE = YES;
				IPHONEOS_DEPLOYMENT_TARGET = 13.5;
				MTL_ENABLE_DEBUG_INFO = NO;
				MTL_FAST_MATH = YES;
				SDKROOT = iphoneos;
				SWIFT_COMPILATION_MODE = wholemodule;
				SWIFT_OPTIMIZATION_LEVEL = "-O";
				VALIDATE_PRODUCT = YES;
			};
			name = Release;
		};
		D8727B1A24BA393E00D1A524 /* Debug */ = {
			isa = XCBuildConfiguration;
			buildSettings = {
				ASSETCATALOG_COMPILER_APPICON_NAME = AppIcon;
				CODE_SIGN_STYLE = Automatic;
				DEVELOPMENT_TEAM = J2SNXH8MK8;
				INFOPLIST_FILE = "iOS-Sandbox/Info.plist";
				LD_RUNPATH_SEARCH_PATHS = (
					"$(inherited)",
					"@executable_path/Frameworks",
				);
				PRODUCT_BUNDLE_IDENTIFIER = "com.example.ashish.iOS-Sandbox";
				PRODUCT_NAME = "$(TARGET_NAME)";
				SWIFT_VERSION = 5.0;
				TARGETED_DEVICE_FAMILY = "1,2";
			};
			name = Debug;
		};
		D8727B1B24BA393E00D1A524 /* Release */ = {
			isa = XCBuildConfiguration;
			buildSettings = {
				ASSETCATALOG_COMPILER_APPICON_NAME = AppIcon;
				CODE_SIGN_STYLE = Automatic;
				DEVELOPMENT_TEAM = J2SNXH8MK8;
				INFOPLIST_FILE = "iOS-Sandbox/Info.plist";
				LD_RUNPATH_SEARCH_PATHS = (
					"$(inherited)",
					"@executable_path/Frameworks",
				);
				PRODUCT_BUNDLE_IDENTIFIER = "com.example.ashish.iOS-Sandbox";
				PRODUCT_NAME = "$(TARGET_NAME)";
				SWIFT_VERSION = 5.0;
				TARGETED_DEVICE_FAMILY = "1,2";
			};
			name = Release;
		};
		D8727B1D24BA393E00D1A524 /* Debug */ = {
			isa = XCBuildConfiguration;
			buildSettings = {
				ALWAYS_EMBED_SWIFT_STANDARD_LIBRARIES = YES;
				BUNDLE_LOADER = "$(TEST_HOST)";
				CODE_SIGN_STYLE = Automatic;
				DEVELOPMENT_TEAM = J2SNXH8MK8;
				INFOPLIST_FILE = "iOS-SandboxTests/Info.plist";
				IPHONEOS_DEPLOYMENT_TARGET = 13.5;
				LD_RUNPATH_SEARCH_PATHS = (
					"$(inherited)",
					"@executable_path/Frameworks",
					"@loader_path/Frameworks",
				);
				PRODUCT_BUNDLE_IDENTIFIER = "com.example.ashish.iOS-SandboxTests";
				PRODUCT_NAME = "$(TARGET_NAME)";
				SWIFT_VERSION = 5.0;
				TARGETED_DEVICE_FAMILY = "1,2";
				TEST_HOST = "$(BUILT_PRODUCTS_DIR)/iOS-Sandbox.app/iOS-Sandbox";
			};
			name = Debug;
		};
		D8727B1E24BA393E00D1A524 /* Release */ = {
			isa = XCBuildConfiguration;
			buildSettings = {
				ALWAYS_EMBED_SWIFT_STANDARD_LIBRARIES = YES;
				BUNDLE_LOADER = "$(TEST_HOST)";
				CODE_SIGN_STYLE = Automatic;
				DEVELOPMENT_TEAM = J2SNXH8MK8;
				INFOPLIST_FILE = "iOS-SandboxTests/Info.plist";
				IPHONEOS_DEPLOYMENT_TARGET = 13.5;
				LD_RUNPATH_SEARCH_PATHS = (
					"$(inherited)",
					"@executable_path/Frameworks",
					"@loader_path/Frameworks",
				);
				PRODUCT_BUNDLE_IDENTIFIER = "com.example.ashish.iOS-SandboxTests";
				PRODUCT_NAME = "$(TARGET_NAME)";
				SWIFT_VERSION = 5.0;
				TARGETED_DEVICE_FAMILY = "1,2";
				TEST_HOST = "$(BUILT_PRODUCTS_DIR)/iOS-Sandbox.app/iOS-Sandbox";
			};
			name = Release;
		};
		D8727B2024BA393E00D1A524 /* Debug */ = {
			isa = XCBuildConfiguration;
			buildSettings = {
				ALWAYS_EMBED_SWIFT_STANDARD_LIBRARIES = YES;
				CODE_SIGN_STYLE = Automatic;
				DEVELOPMENT_TEAM = J2SNXH8MK8;
				INFOPLIST_FILE = "iOS-SandboxUITests/Info.plist";
				LD_RUNPATH_SEARCH_PATHS = (
					"$(inherited)",
					"@executable_path/Frameworks",
					"@loader_path/Frameworks",
				);
				PRODUCT_BUNDLE_IDENTIFIER = "com.example.ashish.iOS-SandboxUITests";
				PRODUCT_NAME = "$(TARGET_NAME)";
				SWIFT_VERSION = 5.0;
				TARGETED_DEVICE_FAMILY = "1,2";
				TEST_TARGET_NAME = "iOS-Sandbox";
			};
			name = Debug;
		};
		D8727B2124BA393E00D1A524 /* Release */ = {
			isa = XCBuildConfiguration;
			buildSettings = {
				ALWAYS_EMBED_SWIFT_STANDARD_LIBRARIES = YES;
				CODE_SIGN_STYLE = Automatic;
				DEVELOPMENT_TEAM = J2SNXH8MK8;
				INFOPLIST_FILE = "iOS-SandboxUITests/Info.plist";
				LD_RUNPATH_SEARCH_PATHS = (
					"$(inherited)",
					"@executable_path/Frameworks",
					"@loader_path/Frameworks",
				);
				PRODUCT_BUNDLE_IDENTIFIER = "com.example.ashish.iOS-SandboxUITests";
				PRODUCT_NAME = "$(TARGET_NAME)";
				SWIFT_VERSION = 5.0;
				TARGETED_DEVICE_FAMILY = "1,2";
				TEST_TARGET_NAME = "iOS-Sandbox";
			};
			name = Release;
		};
/* End XCBuildConfiguration section */

/* Begin XCConfigurationList section */
		D8727AEA24BA393900D1A524 /* Build configuration list for PBXProject "iOS-Sandbox" */ = {
			isa = XCConfigurationList;
			buildConfigurations = (
				D8727B1724BA393E00D1A524 /* Debug */,
				D8727B1824BA393E00D1A524 /* Release */,
			);
			defaultConfigurationIsVisible = 0;
			defaultConfigurationName = Release;
		};
		D8727B1924BA393E00D1A524 /* Build configuration list for PBXNativeTarget "iOS-Sandbox" */ = {
			isa = XCConfigurationList;
			buildConfigurations = (
				D8727B1A24BA393E00D1A524 /* Debug */,
				D8727B1B24BA393E00D1A524 /* Release */,
			);
			defaultConfigurationIsVisible = 0;
			defaultConfigurationName = Release;
		};
		D8727B1C24BA393E00D1A524 /* Build configuration list for PBXNativeTarget "iOS-SandboxTests" */ = {
			isa = XCConfigurationList;
			buildConfigurations = (
				D8727B1D24BA393E00D1A524 /* Debug */,
				D8727B1E24BA393E00D1A524 /* Release */,
			);
			defaultConfigurationIsVisible = 0;
			defaultConfigurationName = Release;
		};
		D8727B1F24BA393E00D1A524 /* Build configuration list for PBXNativeTarget "iOS-SandboxUITests" */ = {
			isa = XCConfigurationList;
			buildConfigurations = (
				D8727B2024BA393E00D1A524 /* Debug */,
				D8727B2124BA393E00D1A524 /* Release */,
			);
			defaultConfigurationIsVisible = 0;
			defaultConfigurationName = Release;
		};
/* End XCConfigurationList section */
	};
	rootObject = D8727AE724BA393900D1A524 /* Project object */;
}
