// !$*UTF8*$!
{
	archiveVersion = 1;
	classes = {
	};
	objectVersion = 50;
	objects = {

/* Begin PBXBuildFile section */
		D85C13BF24BA4FBF00E6E1B6 /* AppDelegate.swift in Sources */ = {isa = PBXBuildFile; fileRef = D85C13BE24BA4FBF00E6E1B6 /* AppDelegate.swift */; };
		D85C13C124BA4FBF00E6E1B6 /* SceneDelegate.swift in Sources */ = {isa = PBXBuildFile; fileRef = D85C13C024BA4FBF00E6E1B6 /* SceneDelegate.swift */; };
		D85C13C324BA4FBF00E6E1B6 /* ContentView.swift in Sources */ = {isa = PBXBuildFile; fileRef = D85C13C224BA4FBF00E6E1B6 /* ContentView.swift */; };
		D85C13C524BA4FC100E6E1B6 /* Assets.xcassets in Resources */ = {isa = PBXBuildFile; fileRef = D85C13C424BA4FC100E6E1B6 /* Assets.xcassets */; };
		D85C13C824BA4FC100E6E1B6 /* Preview Assets.xcassets in Resources */ = {isa = PBXBuildFile; fileRef = D85C13C724BA4FC100E6E1B6 /* Preview Assets.xcassets */; };
		D85C13CB24BA4FC100E6E1B6 /* LaunchScreen.storyboard in Resources */ = {isa = PBXBuildFile; fileRef = D85C13C924BA4FC100E6E1B6 /* LaunchScreen.storyboard */; };
		D85C13D624BA4FC100E6E1B6 /* iOS_SandboxTests.swift in Sources */ = {isa = PBXBuildFile; fileRef = D85C13D524BA4FC100E6E1B6 /* iOS_SandboxTests.swift */; };
		D85C13E124BA4FC100E6E1B6 /* iOS_SandboxUITests.swift in Sources */ = {isa = PBXBuildFile; fileRef = D85C13E024BA4FC100E6E1B6 /* iOS_SandboxUITests.swift */; };
/* End PBXBuildFile section */

/* Begin PBXContainerItemProxy section */
		D85C13D224BA4FC100E6E1B6 /* PBXContainerItemProxy */ = {
			isa = PBXContainerItemProxy;
			containerPortal = D85C13B324BA4FBF00E6E1B6 /* Project object */;
			proxyType = 1;
			remoteGlobalIDString = D85C13BA24BA4FBF00E6E1B6;
			remoteInfo = "iOS-Sandbox";
		};
		D85C13DD24BA4FC100E6E1B6 /* PBXContainerItemProxy */ = {
			isa = PBXContainerItemProxy;
			containerPortal = D85C13B324BA4FBF00E6E1B6 /* Project object */;
			proxyType = 1;
			remoteGlobalIDString = D85C13BA24BA4FBF00E6E1B6;
			remoteInfo = "iOS-Sandbox";
		};
/* End PBXContainerItemProxy section */

/* Begin PBXFileReference section */
		D85C13BB24BA4FBF00E6E1B6 /* iOS-Sandbox.app */ = {isa = PBXFileReference; explicitFileType = wrapper.application; includeInIndex = 0; path = "iOS-Sandbox.app"; sourceTree = BUILT_PRODUCTS_DIR; };
		D85C13BE24BA4FBF00E6E1B6 /* AppDelegate.swift */ = {isa = PBXFileReference; lastKnownFileType = sourcecode.swift; path = AppDelegate.swift; sourceTree = "<group>"; };
		D85C13C024BA4FBF00E6E1B6 /* SceneDelegate.swift */ = {isa = PBXFileReference; lastKnownFileType = sourcecode.swift; path = SceneDelegate.swift; sourceTree = "<group>"; };
		D85C13C224BA4FBF00E6E1B6 /* ContentView.swift */ = {isa = PBXFileReference; lastKnownFileType = sourcecode.swift; path = ContentView.swift; sourceTree = "<group>"; };
		D85C13C424BA4FC100E6E1B6 /* Assets.xcassets */ = {isa = PBXFileReference; lastKnownFileType = folder.assetcatalog; path = Assets.xcassets; sourceTree = "<group>"; };
		D85C13C724BA4FC100E6E1B6 /* Preview Assets.xcassets */ = {isa = PBXFileReference; lastKnownFileType = folder.assetcatalog; path = "Preview Assets.xcassets"; sourceTree = "<group>"; };
		D85C13CA24BA4FC100E6E1B6 /* Base */ = {isa = PBXFileReference; lastKnownFileType = file.storyboard; name = Base; path = Base.lproj/LaunchScreen.storyboard; sourceTree = "<group>"; };
		D85C13CC24BA4FC100E6E1B6 /* Info.plist */ = {isa = PBXFileReference; lastKnownFileType = text.plist.xml; path = Info.plist; sourceTree = "<group>"; };
		D85C13D124BA4FC100E6E1B6 /* iOS-SandboxTests.xctest */ = {isa = PBXFileReference; explicitFileType = wrapper.cfbundle; includeInIndex = 0; path = "iOS-SandboxTests.xctest"; sourceTree = BUILT_PRODUCTS_DIR; };
		D85C13D524BA4FC100E6E1B6 /* iOS_SandboxTests.swift */ = {isa = PBXFileReference; lastKnownFileType = sourcecode.swift; path = iOS_SandboxTests.swift; sourceTree = "<group>"; };
		D85C13D724BA4FC100E6E1B6 /* Info.plist */ = {isa = PBXFileReference; lastKnownFileType = text.plist.xml; path = Info.plist; sourceTree = "<group>"; };
		D85C13DC24BA4FC100E6E1B6 /* iOS-SandboxUITests.xctest */ = {isa = PBXFileReference; explicitFileType = wrapper.cfbundle; includeInIndex = 0; path = "iOS-SandboxUITests.xctest"; sourceTree = BUILT_PRODUCTS_DIR; };
		D85C13E024BA4FC100E6E1B6 /* iOS_SandboxUITests.swift */ = {isa = PBXFileReference; lastKnownFileType = sourcecode.swift; path = iOS_SandboxUITests.swift; sourceTree = "<group>"; };
		D85C13E224BA4FC100E6E1B6 /* Info.plist */ = {isa = PBXFileReference; lastKnownFileType = text.plist.xml; path = Info.plist; sourceTree = "<group>"; };
/* End PBXFileReference section */

/* Begin PBXFrameworksBuildPhase section */
		D85C13B824BA4FBF00E6E1B6 /* Frameworks */ = {
			isa = PBXFrameworksBuildPhase;
			buildActionMask = 2147483647;
			files = (
			);
			runOnlyForDeploymentPostprocessing = 0;
		};
		D85C13CE24BA4FC100E6E1B6 /* Frameworks */ = {
			isa = PBXFrameworksBuildPhase;
			buildActionMask = 2147483647;
			files = (
			);
			runOnlyForDeploymentPostprocessing = 0;
		};
		D85C13D924BA4FC100E6E1B6 /* Frameworks */ = {
			isa = PBXFrameworksBuildPhase;
			buildActionMask = 2147483647;
			files = (
			);
			runOnlyForDeploymentPostprocessing = 0;
		};
/* End PBXFrameworksBuildPhase section */

/* Begin PBXGroup section */
		D85C13B224BA4FBF00E6E1B6 = {
			isa = PBXGroup;
			children = (
				D85C13BD24BA4FBF00E6E1B6 /* iOS-Sandbox */,
				D85C13D424BA4FC100E6E1B6 /* iOS-SandboxTests */,
				D85C13DF24BA4FC100E6E1B6 /* iOS-SandboxUITests */,
				D85C13BC24BA4FBF00E6E1B6 /* Products */,
			);
			sourceTree = "<group>";
		};
		D85C13BC24BA4FBF00E6E1B6 /* Products */ = {
			isa = PBXGroup;
			children = (
				D85C13BB24BA4FBF00E6E1B6 /* iOS-Sandbox.app */,
				D85C13D124BA4FC100E6E1B6 /* iOS-SandboxTests.xctest */,
				D85C13DC24BA4FC100E6E1B6 /* iOS-SandboxUITests.xctest */,
			);
			name = Products;
			sourceTree = "<group>";
		};
		D85C13BD24BA4FBF00E6E1B6 /* iOS-Sandbox */ = {
			isa = PBXGroup;
			children = (
				D85C13BE24BA4FBF00E6E1B6 /* AppDelegate.swift */,
				D85C13C024BA4FBF00E6E1B6 /* SceneDelegate.swift */,
				D85C13C224BA4FBF00E6E1B6 /* ContentView.swift */,
				D85C13C424BA4FC100E6E1B6 /* Assets.xcassets */,
				D85C13C924BA4FC100E6E1B6 /* LaunchScreen.storyboard */,
				D85C13CC24BA4FC100E6E1B6 /* Info.plist */,
				D85C13C624BA4FC100E6E1B6 /* Preview Content */,
			);
			path = "iOS-Sandbox";
			sourceTree = "<group>";
		};
		D85C13C624BA4FC100E6E1B6 /* Preview Content */ = {
			isa = PBXGroup;
			children = (
				D85C13C724BA4FC100E6E1B6 /* Preview Assets.xcassets */,
			);
			path = "Preview Content";
			sourceTree = "<group>";
		};
		D85C13D424BA4FC100E6E1B6 /* iOS-SandboxTests */ = {
			isa = PBXGroup;
			children = (
				D85C13D524BA4FC100E6E1B6 /* iOS_SandboxTests.swift */,
				D85C13D724BA4FC100E6E1B6 /* Info.plist */,
			);
			path = "iOS-SandboxTests";
			sourceTree = "<group>";
		};
		D85C13DF24BA4FC100E6E1B6 /* iOS-SandboxUITests */ = {
			isa = PBXGroup;
			children = (
				D85C13E024BA4FC100E6E1B6 /* iOS_SandboxUITests.swift */,
				D85C13E224BA4FC100E6E1B6 /* Info.plist */,
			);
			path = "iOS-SandboxUITests";
			sourceTree = "<group>";
		};
/* End PBXGroup section */

/* Begin PBXNativeTarget section */
		D85C13BA24BA4FBF00E6E1B6 /* iOS-Sandbox */ = {
			isa = PBXNativeTarget;
			buildConfigurationList = D85C13E524BA4FC100E6E1B6 /* Build configuration list for PBXNativeTarget "iOS-Sandbox" */;
			buildPhases = (
				D85C13B724BA4FBF00E6E1B6 /* Sources */,
				D85C13B824BA4FBF00E6E1B6 /* Frameworks */,
				D85C13B924BA4FBF00E6E1B6 /* Resources */,
			);
			buildRules = (
			);
			dependencies = (
			);
			name = "iOS-Sandbox";
			productName = "iOS-Sandbox";
			productReference = D85C13BB24BA4FBF00E6E1B6 /* iOS-Sandbox.app */;
			productType = "com.apple.product-type.application";
		};
		D85C13D024BA4FC100E6E1B6 /* iOS-SandboxTests */ = {
			isa = PBXNativeTarget;
			buildConfigurationList = D85C13E824BA4FC100E6E1B6 /* Build configuration list for PBXNativeTarget "iOS-SandboxTests" */;
			buildPhases = (
				D85C13CD24BA4FC100E6E1B6 /* Sources */,
				D85C13CE24BA4FC100E6E1B6 /* Frameworks */,
				D85C13CF24BA4FC100E6E1B6 /* Resources */,
			);
			buildRules = (
			);
			dependencies = (
				D85C13D324BA4FC100E6E1B6 /* PBXTargetDependency */,
			);
			name = "iOS-SandboxTests";
			productName = "iOS-SandboxTests";
			productReference = D85C13D124BA4FC100E6E1B6 /* iOS-SandboxTests.xctest */;
			productType = "com.apple.product-type.bundle.unit-test";
		};
		D85C13DB24BA4FC100E6E1B6 /* iOS-SandboxUITests */ = {
			isa = PBXNativeTarget;
			buildConfigurationList = D85C13EB24BA4FC100E6E1B6 /* Build configuration list for PBXNativeTarget "iOS-SandboxUITests" */;
			buildPhases = (
				D85C13D824BA4FC100E6E1B6 /* Sources */,
				D85C13D924BA4FC100E6E1B6 /* Frameworks */,
				D85C13DA24BA4FC100E6E1B6 /* Resources */,
			);
			buildRules = (
			);
			dependencies = (
				D85C13DE24BA4FC100E6E1B6 /* PBXTargetDependency */,
			);
			name = "iOS-SandboxUITests";
			productName = "iOS-SandboxUITests";
			productReference = D85C13DC24BA4FC100E6E1B6 /* iOS-SandboxUITests.xctest */;
			productType = "com.apple.product-type.bundle.ui-testing";
		};
/* End PBXNativeTarget section */

/* Begin PBXProject section */
		D85C13B324BA4FBF00E6E1B6 /* Project object */ = {
			isa = PBXProject;
			attributes = {
				LastSwiftUpdateCheck = 1150;
				LastUpgradeCheck = 1150;
				ORGANIZATIONNAME = Ashish;
				TargetAttributes = {
					D85C13BA24BA4FBF00E6E1B6 = {
						CreatedOnToolsVersion = 11.5;
					};
					D85C13D024BA4FC100E6E1B6 = {
						CreatedOnToolsVersion = 11.5;
						TestTargetID = D85C13BA24BA4FBF00E6E1B6;
					};
					D85C13DB24BA4FC100E6E1B6 = {
						CreatedOnToolsVersion = 11.5;
						TestTargetID = D85C13BA24BA4FBF00E6E1B6;
					};
				};
			};
			buildConfigurationList = D85C13B624BA4FBF00E6E1B6 /* Build configuration list for PBXProject "iOS-Sandbox" */;
			compatibilityVersion = "Xcode 9.3";
			developmentRegion = en;
			hasScannedForEncodings = 0;
			knownRegions = (
				en,
				Base,
			);
			mainGroup = D85C13B224BA4FBF00E6E1B6;
			productRefGroup = D85C13BC24BA4FBF00E6E1B6 /* Products */;
			projectDirPath = "";
			projectRoot = "";
			targets = (
				D85C13BA24BA4FBF00E6E1B6 /* iOS-Sandbox */,
				D85C13D024BA4FC100E6E1B6 /* iOS-SandboxTests */,
				D85C13DB24BA4FC100E6E1B6 /* iOS-SandboxUITests */,
			);
		};
/* End PBXProject section */

/* Begin PBXResourcesBuildPhase section */
		D85C13B924BA4FBF00E6E1B6 /* Resources */ = {
			isa = PBXResourcesBuildPhase;
			buildActionMask = 2147483647;
			files = (
				D85C13CB24BA4FC100E6E1B6 /* LaunchScreen.storyboard in Resources */,
				D85C13C824BA4FC100E6E1B6 /* Preview Assets.xcassets in Resources */,
				D85C13C524BA4FC100E6E1B6 /* Assets.xcassets in Resources */,
			);
			runOnlyForDeploymentPostprocessing = 0;
		};
		D85C13CF24BA4FC100E6E1B6 /* Resources */ = {
			isa = PBXResourcesBuildPhase;
			buildActionMask = 2147483647;
			files = (
			);
			runOnlyForDeploymentPostprocessing = 0;
		};
		D85C13DA24BA4FC100E6E1B6 /* Resources */ = {
			isa = PBXResourcesBuildPhase;
			buildActionMask = 2147483647;
			files = (
			);
			runOnlyForDeploymentPostprocessing = 0;
		};
/* End PBXResourcesBuildPhase section */

/* Begin PBXSourcesBuildPhase section */
		D85C13B724BA4FBF00E6E1B6 /* Sources */ = {
			isa = PBXSourcesBuildPhase;
			buildActionMask = 2147483647;
			files = (
				D85C13BF24BA4FBF00E6E1B6 /* AppDelegate.swift in Sources */,
				D85C13C124BA4FBF00E6E1B6 /* SceneDelegate.swift in Sources */,
				D85C13C324BA4FBF00E6E1B6 /* ContentView.swift in Sources */,
			);
			runOnlyForDeploymentPostprocessing = 0;
		};
		D85C13CD24BA4FC100E6E1B6 /* Sources */ = {
			isa = PBXSourcesBuildPhase;
			buildActionMask = 2147483647;
			files = (
				D85C13D624BA4FC100E6E1B6 /* iOS_SandboxTests.swift in Sources */,
			);
			runOnlyForDeploymentPostprocessing = 0;
		};
		D85C13D824BA4FC100E6E1B6 /* Sources */ = {
			isa = PBXSourcesBuildPhase;
			buildActionMask = 2147483647;
			files = (
				D85C13E124BA4FC100E6E1B6 /* iOS_SandboxUITests.swift in Sources */,
			);
			runOnlyForDeploymentPostprocessing = 0;
		};
/* End PBXSourcesBuildPhase section */

/* Begin PBXTargetDependency section */
		D85C13D324BA4FC100E6E1B6 /* PBXTargetDependency */ = {
			isa = PBXTargetDependency;
			target = D85C13BA24BA4FBF00E6E1B6 /* iOS-Sandbox */;
			targetProxy = D85C13D224BA4FC100E6E1B6 /* PBXContainerItemProxy */;
		};
		D85C13DE24BA4FC100E6E1B6 /* PBXTargetDependency */ = {
			isa = PBXTargetDependency;
			target = D85C13BA24BA4FBF00E6E1B6 /* iOS-Sandbox */;
			targetProxy = D85C13DD24BA4FC100E6E1B6 /* PBXContainerItemProxy */;
		};
/* End PBXTargetDependency section */

/* Begin PBXVariantGroup section */
		D85C13C924BA4FC100E6E1B6 /* LaunchScreen.storyboard */ = {
			isa = PBXVariantGroup;
			children = (
				D85C13CA24BA4FC100E6E1B6 /* Base */,
			);
			name = LaunchScreen.storyboard;
			sourceTree = "<group>";
		};
/* End PBXVariantGroup section */

/* Begin XCBuildConfiguration section */
		D85C13E324BA4FC100E6E1B6 /* Debug */ = {
			isa = XCBuildConfiguration;
			buildSettings = {
				ALWAYS_SEARCH_USER_PATHS = NO;
				CLANG_ANALYZER_NONNULL = YES;
				CLANG_ANALYZER_NUMBER_OBJECT_CONVERSION = YES_AGGRESSIVE;
				CLANG_CXX_LANGUAGE_STANDARD = "gnu++14";
				CLANG_CXX_LIBRARY = "libc++";
				CLANG_ENABLE_MODULES = YES;
				CLANG_ENABLE_OBJC_ARC = YES;
				CLANG_ENABLE_OBJC_WEAK = YES;
				CLANG_WARN_BLOCK_CAPTURE_AUTORELEASING = YES;
				CLANG_WARN_BOOL_CONVERSION = YES;
				CLANG_WARN_COMMA = YES;
				CLANG_WARN_CONSTANT_CONVERSION = YES;
				CLANG_WARN_DEPRECATED_OBJC_IMPLEMENTATIONS = YES;
				CLANG_WARN_DIRECT_OBJC_ISA_USAGE = YES_ERROR;
				CLANG_WARN_DOCUMENTATION_COMMENTS = YES;
				CLANG_WARN_EMPTY_BODY = YES;
				CLANG_WARN_ENUM_CONVERSION = YES;
				CLANG_WARN_INFINITE_RECURSION = YES;
				CLANG_WARN_INT_CONVERSION = YES;
				CLANG_WARN_NON_LITERAL_NULL_CONVERSION = YES;
				CLANG_WARN_OBJC_IMPLICIT_RETAIN_SELF = YES;
				CLANG_WARN_OBJC_LITERAL_CONVERSION = YES;
				CLANG_WARN_OBJC_ROOT_CLASS = YES_ERROR;
				CLANG_WARN_RANGE_LOOP_ANALYSIS = YES;
				CLANG_WARN_STRICT_PROTOTYPES = YES;
				CLANG_WARN_SUSPICIOUS_MOVE = YES;
				CLANG_WARN_UNGUARDED_AVAILABILITY = YES_AGGRESSIVE;
				CLANG_WARN_UNREACHABLE_CODE = YES;
				CLANG_WARN__DUPLICATE_METHOD_MATCH = YES;
				COPY_PHASE_STRIP = NO;
				DEBUG_INFORMATION_FORMAT = dwarf;
				ENABLE_STRICT_OBJC_MSGSEND = YES;
				ENABLE_TESTABILITY = YES;
				GCC_C_LANGUAGE_STANDARD = gnu11;
				GCC_DYNAMIC_NO_PIC = NO;
				GCC_NO_COMMON_BLOCKS = YES;
				GCC_OPTIMIZATION_LEVEL = 0;
				GCC_PREPROCESSOR_DEFINITIONS = (
					"DEBUG=1",
					"$(inherited)",
				);
				GCC_WARN_64_TO_32_BIT_CONVERSION = YES;
				GCC_WARN_ABOUT_RETURN_TYPE = YES_ERROR;
				GCC_WARN_UNDECLARED_SELECTOR = YES;
				GCC_WARN_UNINITIALIZED_AUTOS = YES_AGGRESSIVE;
				GCC_WARN_UNUSED_FUNCTION = YES;
				GCC_WARN_UNUSED_VARIABLE = YES;
				IPHONEOS_DEPLOYMENT_TARGET = 13.5;
				MTL_ENABLE_DEBUG_INFO = INCLUDE_SOURCE;
				MTL_FAST_MATH = YES;
				ONLY_ACTIVE_ARCH = YES;
				SDKROOT = iphoneos;
				SWIFT_ACTIVE_COMPILATION_CONDITIONS = DEBUG;
				SWIFT_OPTIMIZATION_LEVEL = "-Onone";
			};
			name = Debug;
		};
		D85C13E424BA4FC100E6E1B6 /* Release */ = {
			isa = XCBuildConfiguration;
			buildSettings = {
				ALWAYS_SEARCH_USER_PATHS = NO;
				CLANG_ANALYZER_NONNULL = YES;
				CLANG_ANALYZER_NUMBER_OBJECT_CONVERSION = YES_AGGRESSIVE;
				CLANG_CXX_LANGUAGE_STANDARD = "gnu++14";
				CLANG_CXX_LIBRARY = "libc++";
				CLANG_ENABLE_MODULES = YES;
				CLANG_ENABLE_OBJC_ARC = YES;
				CLANG_ENABLE_OBJC_WEAK = YES;
				CLANG_WARN_BLOCK_CAPTURE_AUTORELEASING = YES;
				CLANG_WARN_BOOL_CONVERSION = YES;
				CLANG_WARN_COMMA = YES;
				CLANG_WARN_CONSTANT_CONVERSION = YES;
				CLANG_WARN_DEPRECATED_OBJC_IMPLEMENTATIONS = YES;
				CLANG_WARN_DIRECT_OBJC_ISA_USAGE = YES_ERROR;
				CLANG_WARN_DOCUMENTATION_COMMENTS = YES;
				CLANG_WARN_EMPTY_BODY = YES;
				CLANG_WARN_ENUM_CONVERSION = YES;
				CLANG_WARN_INFINITE_RECURSION = YES;
				CLANG_WARN_INT_CONVERSION = YES;
				CLANG_WARN_NON_LITERAL_NULL_CONVERSION = YES;
				CLANG_WARN_OBJC_IMPLICIT_RETAIN_SELF = YES;
				CLANG_WARN_OBJC_LITERAL_CONVERSION = YES;
				CLANG_WARN_OBJC_ROOT_CLASS = YES_ERROR;
				CLANG_WARN_RANGE_LOOP_ANALYSIS = YES;
				CLANG_WARN_STRICT_PROTOTYPES = YES;
				CLANG_WARN_SUSPICIOUS_MOVE = YES;
				CLANG_WARN_UNGUARDED_AVAILABILITY = YES_AGGRESSIVE;
				CLANG_WARN_UNREACHABLE_CODE = YES;
				CLANG_WARN__DUPLICATE_METHOD_MATCH = YES;
				COPY_PHASE_STRIP = NO;
				DEBUG_INFORMATION_FORMAT = "dwarf-with-dsym";
				ENABLE_NS_ASSERTIONS = NO;
				ENABLE_STRICT_OBJC_MSGSEND = YES;
				GCC_C_LANGUAGE_STANDARD = gnu11;
				GCC_NO_COMMON_BLOCKS = YES;
				GCC_WARN_64_TO_32_BIT_CONVERSION = YES;
				GCC_WARN_ABOUT_RETURN_TYPE = YES_ERROR;
				GCC_WARN_UNDECLARED_SELECTOR = YES;
				GCC_WARN_UNINITIALIZED_AUTOS = YES_AGGRESSIVE;
				GCC_WARN_UNUSED_FUNCTION = YES;
				GCC_WARN_UNUSED_VARIABLE = YES;
				IPHONEOS_DEPLOYMENT_TARGET = 13.5;
				MTL_ENABLE_DEBUG_INFO = NO;
				MTL_FAST_MATH = YES;
				SDKROOT = iphoneos;
				SWIFT_COMPILATION_MODE = wholemodule;
				SWIFT_OPTIMIZATION_LEVEL = "-O";
				VALIDATE_PRODUCT = YES;
			};
			name = Release;
		};
		D85C13E624BA4FC100E6E1B6 /* Debug */ = {
			isa = XCBuildConfiguration;
			buildSettings = {
				ASSETCATALOG_COMPILER_APPICON_NAME = AppIcon;
				CODE_SIGN_STYLE = Automatic;
				DEVELOPMENT_ASSET_PATHS = "\"iOS-Sandbox/Preview Content\"";
				DEVELOPMENT_TEAM = J2SNXH8MK8;
				ENABLE_PREVIEWS = YES;
				INFOPLIST_FILE = "iOS-Sandbox/Info.plist";
				LD_RUNPATH_SEARCH_PATHS = (
					"$(inherited)",
					"@executable_path/Frameworks",
				);
				PRODUCT_BUNDLE_IDENTIFIER = "com.example.ashish.iOS-Sandbox";
				PRODUCT_NAME = "$(TARGET_NAME)";
				SWIFT_VERSION = 5.0;
				TARGETED_DEVICE_FAMILY = "1,2";
			};
			name = Debug;
		};
		D85C13E724BA4FC100E6E1B6 /* Release */ = {
			isa = XCBuildConfiguration;
			buildSettings = {
				ASSETCATALOG_COMPILER_APPICON_NAME = AppIcon;
				CODE_SIGN_STYLE = Automatic;
				DEVELOPMENT_ASSET_PATHS = "\"iOS-Sandbox/Preview Content\"";
				DEVELOPMENT_TEAM = J2SNXH8MK8;
				ENABLE_PREVIEWS = YES;
				INFOPLIST_FILE = "iOS-Sandbox/Info.plist";
				LD_RUNPATH_SEARCH_PATHS = (
					"$(inherited)",
					"@executable_path/Frameworks",
				);
				PRODUCT_BUNDLE_IDENTIFIER = "com.example.ashish.iOS-Sandbox";
				PRODUCT_NAME = "$(TARGET_NAME)";
				SWIFT_VERSION = 5.0;
				TARGETED_DEVICE_FAMILY = "1,2";
			};
			name = Release;
		};
		D85C13E924BA4FC100E6E1B6 /* Debug */ = {
			isa = XCBuildConfiguration;
			buildSettings = {
				ALWAYS_EMBED_SWIFT_STANDARD_LIBRARIES = YES;
				BUNDLE_LOADER = "$(TEST_HOST)";
				CODE_SIGN_STYLE = Automatic;
				DEVELOPMENT_TEAM = J2SNXH8MK8;
				INFOPLIST_FILE = "iOS-SandboxTests/Info.plist";
				IPHONEOS_DEPLOYMENT_TARGET = 13.5;
				LD_RUNPATH_SEARCH_PATHS = (
					"$(inherited)",
					"@executable_path/Frameworks",
					"@loader_path/Frameworks",
				);
				PRODUCT_BUNDLE_IDENTIFIER = "com.example.ashish.iOS-SandboxTests";
				PRODUCT_NAME = "$(TARGET_NAME)";
				SWIFT_VERSION = 5.0;
				TARGETED_DEVICE_FAMILY = "1,2";
				TEST_HOST = "$(BUILT_PRODUCTS_DIR)/iOS-Sandbox.app/iOS-Sandbox";
			};
			name = Debug;
		};
		D85C13EA24BA4FC100E6E1B6 /* Release */ = {
			isa = XCBuildConfiguration;
			buildSettings = {
				ALWAYS_EMBED_SWIFT_STANDARD_LIBRARIES = YES;
				BUNDLE_LOADER = "$(TEST_HOST)";
				CODE_SIGN_STYLE = Automatic;
				DEVELOPMENT_TEAM = J2SNXH8MK8;
				INFOPLIST_FILE = "iOS-SandboxTests/Info.plist";
				IPHONEOS_DEPLOYMENT_TARGET = 13.5;
				LD_RUNPATH_SEARCH_PATHS = (
					"$(inherited)",
					"@executable_path/Frameworks",
					"@loader_path/Frameworks",
				);
				PRODUCT_BUNDLE_IDENTIFIER = "com.example.ashish.iOS-SandboxTests";
				PRODUCT_NAME = "$(TARGET_NAME)";
				SWIFT_VERSION = 5.0;
				TARGETED_DEVICE_FAMILY = "1,2";
				TEST_HOST = "$(BUILT_PRODUCTS_DIR)/iOS-Sandbox.app/iOS-Sandbox";
			};
			name = Release;
		};
		D85C13EC24BA4FC100E6E1B6 /* Debug */ = {
			isa = XCBuildConfiguration;
			buildSettings = {
				ALWAYS_EMBED_SWIFT_STANDARD_LIBRARIES = YES;
				CODE_SIGN_STYLE = Automatic;
				DEVELOPMENT_TEAM = J2SNXH8MK8;
				INFOPLIST_FILE = "iOS-SandboxUITests/Info.plist";
				LD_RUNPATH_SEARCH_PATHS = (
					"$(inherited)",
					"@executable_path/Frameworks",
					"@loader_path/Frameworks",
				);
				PRODUCT_BUNDLE_IDENTIFIER = "com.example.ashish.iOS-SandboxUITests";
				PRODUCT_NAME = "$(TARGET_NAME)";
				SWIFT_VERSION = 5.0;
				TARGETED_DEVICE_FAMILY = "1,2";
				TEST_TARGET_NAME = "iOS-Sandbox";
			};
			name = Debug;
		};
		D85C13ED24BA4FC100E6E1B6 /* Release */ = {
			isa = XCBuildConfiguration;
			buildSettings = {
				ALWAYS_EMBED_SWIFT_STANDARD_LIBRARIES = YES;
				CODE_SIGN_STYLE = Automatic;
				DEVELOPMENT_TEAM = J2SNXH8MK8;
				INFOPLIST_FILE = "iOS-SandboxUITests/Info.plist";
				LD_RUNPATH_SEARCH_PATHS = (
					"$(inherited)",
					"@executable_path/Frameworks",
					"@loader_path/Frameworks",
				);
				PRODUCT_BUNDLE_IDENTIFIER = "com.example.ashish.iOS-SandboxUITests";
				PRODUCT_NAME = "$(TARGET_NAME)";
				SWIFT_VERSION = 5.0;
				TARGETED_DEVICE_FAMILY = "1,2";
				TEST_TARGET_NAME = "iOS-Sandbox";
			};
			name = Release;
		};
/* End XCBuildConfiguration section */

/* Begin XCConfigurationList section */
		D85C13B624BA4FBF00E6E1B6 /* Build configuration list for PBXProject "iOS-Sandbox" */ = {
			isa = XCConfigurationList;
			buildConfigurations = (
				D85C13E324BA4FC100E6E1B6 /* Debug */,
				D85C13E424BA4FC100E6E1B6 /* Release */,
			);
			defaultConfigurationIsVisible = 0;
			defaultConfigurationName = Release;
		};
		D85C13E524BA4FC100E6E1B6 /* Build configuration list for PBXNativeTarget "iOS-Sandbox" */ = {
			isa = XCConfigurationList;
			buildConfigurations = (
				D85C13E624BA4FC100E6E1B6 /* Debug */,
				D85C13E724BA4FC100E6E1B6 /* Release */,
			);
			defaultConfigurationIsVisible = 0;
			defaultConfigurationName = Release;
		};
		D85C13E824BA4FC100E6E1B6 /* Build configuration list for PBXNativeTarget "iOS-SandboxTests" */ = {
			isa = XCConfigurationList;
			buildConfigurations = (
				D85C13E924BA4FC100E6E1B6 /* Debug */,
				D85C13EA24BA4FC100E6E1B6 /* Release */,
			);
			defaultConfigurationIsVisible = 0;
			defaultConfigurationName = Release;
		};
		D85C13EB24BA4FC100E6E1B6 /* Build configuration list for PBXNativeTarget "iOS-SandboxUITests" */ = {
			isa = XCConfigurationList;
			buildConfigurations = (
				D85C13EC24BA4FC100E6E1B6 /* Debug */,
				D85C13ED24BA4FC100E6E1B6 /* Release */,
			);
			defaultConfigurationIsVisible = 0;
			defaultConfigurationName = Release;
		};
/* End XCConfigurationList section */
	};
	rootObject = D85C13B324BA4FBF00E6E1B6 /* Project object */;
}
