// !$*UTF8*$!
{
	archiveVersion = 1;
	classes = {
	};
	objectVersion = 50;
	objects = {

/* Begin PBXBuildFile section */
		D81166C024AE9258000DF3FF /* AppDelegate.swift in Sources */ = {isa = PBXBuildFile; fileRef = D81166BF24AE9258000DF3FF /* AppDelegate.swift */; };
		D81166C224AE9258000DF3FF /* SceneDelegate.swift in Sources */ = {isa = PBXBuildFile; fileRef = D81166C124AE9258000DF3FF /* SceneDelegate.swift */; };
		D81166C424AE9258000DF3FF /* ContentView.swift in Sources */ = {isa = PBXBuildFile; fileRef = D81166C324AE9258000DF3FF /* ContentView.swift */; };
		D81166C624AE9259000DF3FF /* Assets.xcassets in Resources */ = {isa = PBXBuildFile; fileRef = D81166C524AE9259000DF3FF /* Assets.xcassets */; };
		D81166C924AE9259000DF3FF /* Preview Assets.xcassets in Resources */ = {isa = PBXBuildFile; fileRef = D81166C824AE9259000DF3FF /* Preview Assets.xcassets */; };
		D81166CC24AE9259000DF3FF /* LaunchScreen.storyboard in Resources */ = {isa = PBXBuildFile; fileRef = D81166CA24AE9259000DF3FF /* LaunchScreen.storyboard */; };
		D81166D724AE9259000DF3FF /* iOS_Native_SandboxTests.swift in Sources */ = {isa = PBXBuildFile; fileRef = D81166D624AE9259000DF3FF /* iOS_Native_SandboxTests.swift */; };
		D81166E224AE9259000DF3FF /* iOS_Native_SandboxUITests.swift in Sources */ = {isa = PBXBuildFile; fileRef = D81166E124AE9259000DF3FF /* iOS_Native_SandboxUITests.swift */; };
/* End PBXBuildFile section */

/* Begin PBXContainerItemProxy section */
		D81166D324AE9259000DF3FF /* PBXContainerItemProxy */ = {
			isa = PBXContainerItemProxy;
			containerPortal = D81166B424AE9258000DF3FF /* Project object */;
			proxyType = 1;
			remoteGlobalIDString = D81166BB24AE9258000DF3FF;
			remoteInfo = "iOS-Native-Sandbox";
		};
		D81166DE24AE9259000DF3FF /* PBXContainerItemProxy */ = {
			isa = PBXContainerItemProxy;
			containerPortal = D81166B424AE9258000DF3FF /* Project object */;
			proxyType = 1;
			remoteGlobalIDString = D81166BB24AE9258000DF3FF;
			remoteInfo = "iOS-Native-Sandbox";
		};
/* End PBXContainerItemProxy section */

/* Begin PBXFileReference section */
		D81166BC24AE9258000DF3FF /* iOS-Native-Sandbox.app */ = {isa = PBXFileReference; explicitFileType = wrapper.application; includeInIndex = 0; path = "iOS-Native-Sandbox.app"; sourceTree = BUILT_PRODUCTS_DIR; };
		D81166BF24AE9258000DF3FF /* AppDelegate.swift */ = {isa = PBXFileReference; lastKnownFileType = sourcecode.swift; path = AppDelegate.swift; sourceTree = "<group>"; };
		D81166C124AE9258000DF3FF /* SceneDelegate.swift */ = {isa = PBXFileReference; lastKnownFileType = sourcecode.swift; path = SceneDelegate.swift; sourceTree = "<group>"; };
		D81166C324AE9258000DF3FF /* ContentView.swift */ = {isa = PBXFileReference; lastKnownFileType = sourcecode.swift; path = ContentView.swift; sourceTree = "<group>"; };
		D81166C524AE9259000DF3FF /* Assets.xcassets */ = {isa = PBXFileReference; lastKnownFileType = folder.assetcatalog; path = Assets.xcassets; sourceTree = "<group>"; };
		D81166C824AE9259000DF3FF /* Preview Assets.xcassets */ = {isa = PBXFileReference; lastKnownFileType = folder.assetcatalog; path = "Preview Assets.xcassets"; sourceTree = "<group>"; };
		D81166CB24AE9259000DF3FF /* Base */ = {isa = PBXFileReference; lastKnownFileType = file.storyboard; name = Base; path = Base.lproj/LaunchScreen.storyboard; sourceTree = "<group>"; };
		D81166CD24AE9259000DF3FF /* Info.plist */ = {isa = PBXFileReference; lastKnownFileType = text.plist.xml; path = Info.plist; sourceTree = "<group>"; };
		D81166D224AE9259000DF3FF /* iOS-Native-SandboxTests.xctest */ = {isa = PBXFileReference; explicitFileType = wrapper.cfbundle; includeInIndex = 0; path = "iOS-Native-SandboxTests.xctest"; sourceTree = BUILT_PRODUCTS_DIR; };
		D81166D624AE9259000DF3FF /* iOS_Native_SandboxTests.swift */ = {isa = PBXFileReference; lastKnownFileType = sourcecode.swift; path = iOS_Native_SandboxTests.swift; sourceTree = "<group>"; };
		D81166D824AE9259000DF3FF /* Info.plist */ = {isa = PBXFileReference; lastKnownFileType = text.plist.xml; path = Info.plist; sourceTree = "<group>"; };
		D81166DD24AE9259000DF3FF /* iOS-Native-SandboxUITests.xctest */ = {isa = PBXFileReference; explicitFileType = wrapper.cfbundle; includeInIndex = 0; path = "iOS-Native-SandboxUITests.xctest"; sourceTree = BUILT_PRODUCTS_DIR; };
		D81166E124AE9259000DF3FF /* iOS_Native_SandboxUITests.swift */ = {isa = PBXFileReference; lastKnownFileType = sourcecode.swift; path = iOS_Native_SandboxUITests.swift; sourceTree = "<group>"; };
		D81166E324AE9259000DF3FF /* Info.plist */ = {isa = PBXFileReference; lastKnownFileType = text.plist.xml; path = Info.plist; sourceTree = "<group>"; };
/* End PBXFileReference section */

/* Begin PBXFrameworksBuildPhase section */
		D81166B924AE9258000DF3FF /* Frameworks */ = {
			isa = PBXFrameworksBuildPhase;
			buildActionMask = 2147483647;
			files = (
			);
			runOnlyForDeploymentPostprocessing = 0;
		};
		D81166CF24AE9259000DF3FF /* Frameworks */ = {
			isa = PBXFrameworksBuildPhase;
			buildActionMask = 2147483647;
			files = (
			);
			runOnlyForDeploymentPostprocessing = 0;
		};
		D81166DA24AE9259000DF3FF /* Frameworks */ = {
			isa = PBXFrameworksBuildPhase;
			buildActionMask = 2147483647;
			files = (
			);
			runOnlyForDeploymentPostprocessing = 0;
		};
/* End PBXFrameworksBuildPhase section */

/* Begin PBXGroup section */
		D81166B324AE9258000DF3FF = {
			isa = PBXGroup;
			children = (
				D81166BE24AE9258000DF3FF /* iOS-Native-Sandbox */,
				D81166D524AE9259000DF3FF /* iOS-Native-SandboxTests */,
				D81166E024AE9259000DF3FF /* iOS-Native-SandboxUITests */,
				D81166BD24AE9258000DF3FF /* Products */,
			);
			sourceTree = "<group>";
		};
		D81166BD24AE9258000DF3FF /* Products */ = {
			isa = PBXGroup;
			children = (
				D81166BC24AE9258000DF3FF /* iOS-Native-Sandbox.app */,
				D81166D224AE9259000DF3FF /* iOS-Native-SandboxTests.xctest */,
				D81166DD24AE9259000DF3FF /* iOS-Native-SandboxUITests.xctest */,
			);
			name = Products;
			sourceTree = "<group>";
		};
		D81166BE24AE9258000DF3FF /* iOS-Native-Sandbox */ = {
			isa = PBXGroup;
			children = (
				D81166BF24AE9258000DF3FF /* AppDelegate.swift */,
				D81166C124AE9258000DF3FF /* SceneDelegate.swift */,
				D81166C324AE9258000DF3FF /* ContentView.swift */,
				D81166C524AE9259000DF3FF /* Assets.xcassets */,
				D81166CA24AE9259000DF3FF /* LaunchScreen.storyboard */,
				D81166CD24AE9259000DF3FF /* Info.plist */,
				D81166C724AE9259000DF3FF /* Preview Content */,
			);
			path = "iOS-Native-Sandbox";
			sourceTree = "<group>";
		};
		D81166C724AE9259000DF3FF /* Preview Content */ = {
			isa = PBXGroup;
			children = (
				D81166C824AE9259000DF3FF /* Preview Assets.xcassets */,
			);
			path = "Preview Content";
			sourceTree = "<group>";
		};
		D81166D524AE9259000DF3FF /* iOS-Native-SandboxTests */ = {
			isa = PBXGroup;
			children = (
				D81166D624AE9259000DF3FF /* iOS_Native_SandboxTests.swift */,
				D81166D824AE9259000DF3FF /* Info.plist */,
			);
			path = "iOS-Native-SandboxTests";
			sourceTree = "<group>";
		};
		D81166E024AE9259000DF3FF /* iOS-Native-SandboxUITests */ = {
			isa = PBXGroup;
			children = (
				D81166E124AE9259000DF3FF /* iOS_Native_SandboxUITests.swift */,
				D81166E324AE9259000DF3FF /* Info.plist */,
			);
			path = "iOS-Native-SandboxUITests";
			sourceTree = "<group>";
		};
/* End PBXGroup section */

/* Begin PBXNativeTarget section */
		D81166BB24AE9258000DF3FF /* iOS-Native-Sandbox */ = {
			isa = PBXNativeTarget;
			buildConfigurationList = D81166E624AE9259000DF3FF /* Build configuration list for PBXNativeTarget "iOS-Native-Sandbox" */;
			buildPhases = (
				D81166B824AE9258000DF3FF /* Sources */,
				D81166B924AE9258000DF3FF /* Frameworks */,
				D81166BA24AE9258000DF3FF /* Resources */,
			);
			buildRules = (
			);
			dependencies = (
			);
			name = "iOS-Native-Sandbox";
			productName = "iOS-Native-Sandbox";
			productReference = D81166BC24AE9258000DF3FF /* iOS-Native-Sandbox.app */;
			productType = "com.apple.product-type.application";
		};
		D81166D124AE9259000DF3FF /* iOS-Native-SandboxTests */ = {
			isa = PBXNativeTarget;
			buildConfigurationList = D81166E924AE9259000DF3FF /* Build configuration list for PBXNativeTarget "iOS-Native-SandboxTests" */;
			buildPhases = (
				D81166CE24AE9259000DF3FF /* Sources */,
				D81166CF24AE9259000DF3FF /* Frameworks */,
				D81166D024AE9259000DF3FF /* Resources */,
			);
			buildRules = (
			);
			dependencies = (
				D81166D424AE9259000DF3FF /* PBXTargetDependency */,
			);
			name = "iOS-Native-SandboxTests";
			productName = "iOS-Native-SandboxTests";
			productReference = D81166D224AE9259000DF3FF /* iOS-Native-SandboxTests.xctest */;
			productType = "com.apple.product-type.bundle.unit-test";
		};
		D81166DC24AE9259000DF3FF /* iOS-Native-SandboxUITests */ = {
			isa = PBXNativeTarget;
			buildConfigurationList = D81166EC24AE9259000DF3FF /* Build configuration list for PBXNativeTarget "iOS-Native-SandboxUITests" */;
			buildPhases = (
				D81166D924AE9259000DF3FF /* Sources */,
				D81166DA24AE9259000DF3FF /* Frameworks */,
				D81166DB24AE9259000DF3FF /* Resources */,
			);
			buildRules = (
			);
			dependencies = (
				D81166DF24AE9259000DF3FF /* PBXTargetDependency */,
			);
			name = "iOS-Native-SandboxUITests";
			productName = "iOS-Native-SandboxUITests";
			productReference = D81166DD24AE9259000DF3FF /* iOS-Native-SandboxUITests.xctest */;
			productType = "com.apple.product-type.bundle.ui-testing";
		};
/* End PBXNativeTarget section */

/* Begin PBXProject section */
		D81166B424AE9258000DF3FF /* Project object */ = {
			isa = PBXProject;
			attributes = {
				LastSwiftUpdateCheck = 1150;
				LastUpgradeCheck = 1150;
				ORGANIZATIONNAME = Ashish;
				TargetAttributes = {
					D81166BB24AE9258000DF3FF = {
						CreatedOnToolsVersion = 11.5;
					};
					D81166D124AE9259000DF3FF = {
						CreatedOnToolsVersion = 11.5;
						TestTargetID = D81166BB24AE9258000DF3FF;
					};
					D81166DC24AE9259000DF3FF = {
						CreatedOnToolsVersion = 11.5;
						TestTargetID = D81166BB24AE9258000DF3FF;
					};
				};
			};
			buildConfigurationList = D81166B724AE9258000DF3FF /* Build configuration list for PBXProject "iOS-Native-Sandbox" */;
			compatibilityVersion = "Xcode 9.3";
			developmentRegion = en;
			hasScannedForEncodings = 0;
			knownRegions = (
				en,
				Base,
			);
			mainGroup = D81166B324AE9258000DF3FF;
			productRefGroup = D81166BD24AE9258000DF3FF /* Products */;
			projectDirPath = "";
			projectRoot = "";
			targets = (
				D81166BB24AE9258000DF3FF /* iOS-Native-Sandbox */,
				D81166D124AE9259000DF3FF /* iOS-Native-SandboxTests */,
				D81166DC24AE9259000DF3FF /* iOS-Native-SandboxUITests */,
			);
		};
/* End PBXProject section */

/* Begin PBXResourcesBuildPhase section */
		D81166BA24AE9258000DF3FF /* Resources */ = {
			isa = PBXResourcesBuildPhase;
			buildActionMask = 2147483647;
			files = (
				D81166CC24AE9259000DF3FF /* LaunchScreen.storyboard in Resources */,
				D81166C924AE9259000DF3FF /* Preview Assets.xcassets in Resources */,
				D81166C624AE9259000DF3FF /* Assets.xcassets in Resources */,
			);
			runOnlyForDeploymentPostprocessing = 0;
		};
		D81166D024AE9259000DF3FF /* Resources */ = {
			isa = PBXResourcesBuildPhase;
			buildActionMask = 2147483647;
			files = (
			);
			runOnlyForDeploymentPostprocessing = 0;
		};
		D81166DB24AE9259000DF3FF /* Resources */ = {
			isa = PBXResourcesBuildPhase;
			buildActionMask = 2147483647;
			files = (
			);
			runOnlyForDeploymentPostprocessing = 0;
		};
/* End PBXResourcesBuildPhase section */

/* Begin PBXSourcesBuildPhase section */
		D81166B824AE9258000DF3FF /* Sources */ = {
			isa = PBXSourcesBuildPhase;
			buildActionMask = 2147483647;
			files = (
				D81166C024AE9258000DF3FF /* AppDelegate.swift in Sources */,
				D81166C224AE9258000DF3FF /* SceneDelegate.swift in Sources */,
				D81166C424AE9258000DF3FF /* ContentView.swift in Sources */,
			);
			runOnlyForDeploymentPostprocessing = 0;
		};
		D81166CE24AE9259000DF3FF /* Sources */ = {
			isa = PBXSourcesBuildPhase;
			buildActionMask = 2147483647;
			files = (
				D81166D724AE9259000DF3FF /* iOS_Native_SandboxTests.swift in Sources */,
			);
			runOnlyForDeploymentPostprocessing = 0;
		};
		D81166D924AE9259000DF3FF /* Sources */ = {
			isa = PBXSourcesBuildPhase;
			buildActionMask = 2147483647;
			files = (
				D81166E224AE9259000DF3FF /* iOS_Native_SandboxUITests.swift in Sources */,
			);
			runOnlyForDeploymentPostprocessing = 0;
		};
/* End PBXSourcesBuildPhase section */

/* Begin PBXTargetDependency section */
		D81166D424AE9259000DF3FF /* PBXTargetDependency */ = {
			isa = PBXTargetDependency;
			target = D81166BB24AE9258000DF3FF /* iOS-Native-Sandbox */;
			targetProxy = D81166D324AE9259000DF3FF /* PBXContainerItemProxy */;
		};
		D81166DF24AE9259000DF3FF /* PBXTargetDependency */ = {
			isa = PBXTargetDependency;
			target = D81166BB24AE9258000DF3FF /* iOS-Native-Sandbox */;
			targetProxy = D81166DE24AE9259000DF3FF /* PBXContainerItemProxy */;
		};
/* End PBXTargetDependency section */

/* Begin PBXVariantGroup section */
		D81166CA24AE9259000DF3FF /* LaunchScreen.storyboard */ = {
			isa = PBXVariantGroup;
			children = (
				D81166CB24AE9259000DF3FF /* Base */,
			);
			name = LaunchScreen.storyboard;
			sourceTree = "<group>";
		};
/* End PBXVariantGroup section */

/* Begin XCBuildConfiguration section */
		D81166E424AE9259000DF3FF /* Debug */ = {
			isa = XCBuildConfiguration;
			buildSettings = {
				ALWAYS_SEARCH_USER_PATHS = NO;
				CLANG_ANALYZER_NONNULL = YES;
				CLANG_ANALYZER_NUMBER_OBJECT_CONVERSION = YES_AGGRESSIVE;
				CLANG_CXX_LANGUAGE_STANDARD = "gnu++14";
				CLANG_CXX_LIBRARY = "libc++";
				CLANG_ENABLE_MODULES = YES;
				CLANG_ENABLE_OBJC_ARC = YES;
				CLANG_ENABLE_OBJC_WEAK = YES;
				CLANG_WARN_BLOCK_CAPTURE_AUTORELEASING = YES;
				CLANG_WARN_BOOL_CONVERSION = YES;
				CLANG_WARN_COMMA = YES;
				CLANG_WARN_CONSTANT_CONVERSION = YES;
				CLANG_WARN_DEPRECATED_OBJC_IMPLEMENTATIONS = YES;
				CLANG_WARN_DIRECT_OBJC_ISA_USAGE = YES_ERROR;
				CLANG_WARN_DOCUMENTATION_COMMENTS = YES;
				CLANG_WARN_EMPTY_BODY = YES;
				CLANG_WARN_ENUM_CONVERSION = YES;
				CLANG_WARN_INFINITE_RECURSION = YES;
				CLANG_WARN_INT_CONVERSION = YES;
				CLANG_WARN_NON_LITERAL_NULL_CONVERSION = YES;
				CLANG_WARN_OBJC_IMPLICIT_RETAIN_SELF = YES;
				CLANG_WARN_OBJC_LITERAL_CONVERSION = YES;
				CLANG_WARN_OBJC_ROOT_CLASS = YES_ERROR;
				CLANG_WARN_RANGE_LOOP_ANALYSIS = YES;
				CLANG_WARN_STRICT_PROTOTYPES = YES;
				CLANG_WARN_SUSPICIOUS_MOVE = YES;
				CLANG_WARN_UNGUARDED_AVAILABILITY = YES_AGGRESSIVE;
				CLANG_WARN_UNREACHABLE_CODE = YES;
				CLANG_WARN__DUPLICATE_METHOD_MATCH = YES;
				COPY_PHASE_STRIP = NO;
				DEBUG_INFORMATION_FORMAT = dwarf;
				ENABLE_STRICT_OBJC_MSGSEND = YES;
				ENABLE_TESTABILITY = YES;
				GCC_C_LANGUAGE_STANDARD = gnu11;
				GCC_DYNAMIC_NO_PIC = NO;
				GCC_NO_COMMON_BLOCKS = YES;
				GCC_OPTIMIZATION_LEVEL = 0;
				GCC_PREPROCESSOR_DEFINITIONS = (
					"DEBUG=1",
					"$(inherited)",
				);
				GCC_WARN_64_TO_32_BIT_CONVERSION = YES;
				GCC_WARN_ABOUT_RETURN_TYPE = YES_ERROR;
				GCC_WARN_UNDECLARED_SELECTOR = YES;
				GCC_WARN_UNINITIALIZED_AUTOS = YES_AGGRESSIVE;
				GCC_WARN_UNUSED_FUNCTION = YES;
				GCC_WARN_UNUSED_VARIABLE = YES;
				IPHONEOS_DEPLOYMENT_TARGET = 13.5;
				MTL_ENABLE_DEBUG_INFO = INCLUDE_SOURCE;
				MTL_FAST_MATH = YES;
				ONLY_ACTIVE_ARCH = YES;
				SDKROOT = iphoneos;
				SWIFT_ACTIVE_COMPILATION_CONDITIONS = DEBUG;
				SWIFT_OPTIMIZATION_LEVEL = "-Onone";
			};
			name = Debug;
		};
		D81166E524AE9259000DF3FF /* Release */ = {
			isa = XCBuildConfiguration;
			buildSettings = {
				ALWAYS_SEARCH_USER_PATHS = NO;
				CLANG_ANALYZER_NONNULL = YES;
				CLANG_ANALYZER_NUMBER_OBJECT_CONVERSION = YES_AGGRESSIVE;
				CLANG_CXX_LANGUAGE_STANDARD = "gnu++14";
				CLANG_CXX_LIBRARY = "libc++";
				CLANG_ENABLE_MODULES = YES;
				CLANG_ENABLE_OBJC_ARC = YES;
				CLANG_ENABLE_OBJC_WEAK = YES;
				CLANG_WARN_BLOCK_CAPTURE_AUTORELEASING = YES;
				CLANG_WARN_BOOL_CONVERSION = YES;
				CLANG_WARN_COMMA = YES;
				CLANG_WARN_CONSTANT_CONVERSION = YES;
				CLANG_WARN_DEPRECATED_OBJC_IMPLEMENTATIONS = YES;
				CLANG_WARN_DIRECT_OBJC_ISA_USAGE = YES_ERROR;
				CLANG_WARN_DOCUMENTATION_COMMENTS = YES;
				CLANG_WARN_EMPTY_BODY = YES;
				CLANG_WARN_ENUM_CONVERSION = YES;
				CLANG_WARN_INFINITE_RECURSION = YES;
				CLANG_WARN_INT_CONVERSION = YES;
				CLANG_WARN_NON_LITERAL_NULL_CONVERSION = YES;
				CLANG_WARN_OBJC_IMPLICIT_RETAIN_SELF = YES;
				CLANG_WARN_OBJC_LITERAL_CONVERSION = YES;
				CLANG_WARN_OBJC_ROOT_CLASS = YES_ERROR;
				CLANG_WARN_RANGE_LOOP_ANALYSIS = YES;
				CLANG_WARN_STRICT_PROTOTYPES = YES;
				CLANG_WARN_SUSPICIOUS_MOVE = YES;
				CLANG_WARN_UNGUARDED_AVAILABILITY = YES_AGGRESSIVE;
				CLANG_WARN_UNREACHABLE_CODE = YES;
				CLANG_WARN__DUPLICATE_METHOD_MATCH = YES;
				COPY_PHASE_STRIP = NO;
				DEBUG_INFORMATION_FORMAT = "dwarf-with-dsym";
				ENABLE_NS_ASSERTIONS = NO;
				ENABLE_STRICT_OBJC_MSGSEND = YES;
				GCC_C_LANGUAGE_STANDARD = gnu11;
				GCC_NO_COMMON_BLOCKS = YES;
				GCC_WARN_64_TO_32_BIT_CONVERSION = YES;
				GCC_WARN_ABOUT_RETURN_TYPE = YES_ERROR;
				GCC_WARN_UNDECLARED_SELECTOR = YES;
				GCC_WARN_UNINITIALIZED_AUTOS = YES_AGGRESSIVE;
				GCC_WARN_UNUSED_FUNCTION = YES;
				GCC_WARN_UNUSED_VARIABLE = YES;
				IPHONEOS_DEPLOYMENT_TARGET = 13.5;
				MTL_ENABLE_DEBUG_INFO = NO;
				MTL_FAST_MATH = YES;
				SDKROOT = iphoneos;
				SWIFT_COMPILATION_MODE = wholemodule;
				SWIFT_OPTIMIZATION_LEVEL = "-O";
				VALIDATE_PRODUCT = YES;
			};
			name = Release;
		};
		D81166E724AE9259000DF3FF /* Debug */ = {
			isa = XCBuildConfiguration;
			buildSettings = {
				ASSETCATALOG_COMPILER_APPICON_NAME = AppIcon;
				CODE_SIGN_STYLE = Automatic;
				DEVELOPMENT_ASSET_PATHS = "\"iOS-Native-Sandbox/Preview Content\"";
				DEVELOPMENT_TEAM = J2SNXH8MK8;
				ENABLE_PREVIEWS = YES;
				INFOPLIST_FILE = "iOS-Native-Sandbox/Info.plist";
				LD_RUNPATH_SEARCH_PATHS = (
					"$(inherited)",
					"@executable_path/Frameworks",
				);
				PRODUCT_BUNDLE_IDENTIFIER = "com.example..iOS-Native-Sandbox";
				PRODUCT_NAME = "$(TARGET_NAME)";
				SWIFT_VERSION = 5.0;
				TARGETED_DEVICE_FAMILY = "1,2";
			};
			name = Debug;
		};
		D81166E824AE9259000DF3FF /* Release */ = {
			isa = XCBuildConfiguration;
			buildSettings = {
				ASSETCATALOG_COMPILER_APPICON_NAME = AppIcon;
				CODE_SIGN_STYLE = Automatic;
				DEVELOPMENT_ASSET_PATHS = "\"iOS-Native-Sandbox/Preview Content\"";
				DEVELOPMENT_TEAM = J2SNXH8MK8;
				ENABLE_PREVIEWS = YES;
				INFOPLIST_FILE = "iOS-Native-Sandbox/Info.plist";
				LD_RUNPATH_SEARCH_PATHS = (
					"$(inherited)",
					"@executable_path/Frameworks",
				);
				PRODUCT_BUNDLE_IDENTIFIER = "com.example..iOS-Native-Sandbox";
				PRODUCT_NAME = "$(TARGET_NAME)";
				SWIFT_VERSION = 5.0;
				TARGETED_DEVICE_FAMILY = "1,2";
			};
			name = Release;
		};
		D81166EA24AE9259000DF3FF /* Debug */ = {
			isa = XCBuildConfiguration;
			buildSettings = {
				ALWAYS_EMBED_SWIFT_STANDARD_LIBRARIES = YES;
				BUNDLE_LOADER = "$(TEST_HOST)";
				CODE_SIGN_STYLE = Automatic;
				DEVELOPMENT_TEAM = J2SNXH8MK8;
				INFOPLIST_FILE = "iOS-Native-SandboxTests/Info.plist";
				IPHONEOS_DEPLOYMENT_TARGET = 13.5;
				LD_RUNPATH_SEARCH_PATHS = (
					"$(inherited)",
					"@executable_path/Frameworks",
					"@loader_path/Frameworks",
				);
				PRODUCT_BUNDLE_IDENTIFIER = "com.example..iOS-Native-SandboxTests";
				PRODUCT_NAME = "$(TARGET_NAME)";
				SWIFT_VERSION = 5.0;
				TARGETED_DEVICE_FAMILY = "1,2";
				TEST_HOST = "$(BUILT_PRODUCTS_DIR)/iOS-Native-Sandbox.app/iOS-Native-Sandbox";
			};
			name = Debug;
		};
		D81166EB24AE9259000DF3FF /* Release */ = {
			isa = XCBuildConfiguration;
			buildSettings = {
				ALWAYS_EMBED_SWIFT_STANDARD_LIBRARIES = YES;
				BUNDLE_LOADER = "$(TEST_HOST)";
				CODE_SIGN_STYLE = Automatic;
				DEVELOPMENT_TEAM = J2SNXH8MK8;
				INFOPLIST_FILE = "iOS-Native-SandboxTests/Info.plist";
				IPHONEOS_DEPLOYMENT_TARGET = 13.5;
				LD_RUNPATH_SEARCH_PATHS = (
					"$(inherited)",
					"@executable_path/Frameworks",
					"@loader_path/Frameworks",
				);
				PRODUCT_BUNDLE_IDENTIFIER = "com.example..iOS-Native-SandboxTests";
				PRODUCT_NAME = "$(TARGET_NAME)";
				SWIFT_VERSION = 5.0;
				TARGETED_DEVICE_FAMILY = "1,2";
				TEST_HOST = "$(BUILT_PRODUCTS_DIR)/iOS-Native-Sandbox.app/iOS-Native-Sandbox";
			};
			name = Release;
		};
		D81166ED24AE9259000DF3FF /* Debug */ = {
			isa = XCBuildConfiguration;
			buildSettings = {
				ALWAYS_EMBED_SWIFT_STANDARD_LIBRARIES = YES;
				CODE_SIGN_STYLE = Automatic;
				DEVELOPMENT_TEAM = J2SNXH8MK8;
				INFOPLIST_FILE = "iOS-Native-SandboxUITests/Info.plist";
				LD_RUNPATH_SEARCH_PATHS = (
					"$(inherited)",
					"@executable_path/Frameworks",
					"@loader_path/Frameworks",
				);
				PRODUCT_BUNDLE_IDENTIFIER = "com.example..iOS-Native-SandboxUITests";
				PRODUCT_NAME = "$(TARGET_NAME)";
				SWIFT_VERSION = 5.0;
				TARGETED_DEVICE_FAMILY = "1,2";
				TEST_TARGET_NAME = "iOS-Native-Sandbox";
			};
			name = Debug;
		};
		D81166EE24AE9259000DF3FF /* Release */ = {
			isa = XCBuildConfiguration;
			buildSettings = {
				ALWAYS_EMBED_SWIFT_STANDARD_LIBRARIES = YES;
				CODE_SIGN_STYLE = Automatic;
				DEVELOPMENT_TEAM = J2SNXH8MK8;
				INFOPLIST_FILE = "iOS-Native-SandboxUITests/Info.plist";
				LD_RUNPATH_SEARCH_PATHS = (
					"$(inherited)",
					"@executable_path/Frameworks",
					"@loader_path/Frameworks",
				);
				PRODUCT_BUNDLE_IDENTIFIER = "com.example..iOS-Native-SandboxUITests";
				PRODUCT_NAME = "$(TARGET_NAME)";
				SWIFT_VERSION = 5.0;
				TARGETED_DEVICE_FAMILY = "1,2";
				TEST_TARGET_NAME = "iOS-Native-Sandbox";
			};
			name = Release;
		};
/* End XCBuildConfiguration section */

/* Begin XCConfigurationList section */
		D81166B724AE9258000DF3FF /* Build configuration list for PBXProject "iOS-Native-Sandbox" */ = {
			isa = XCConfigurationList;
			buildConfigurations = (
				D81166E424AE9259000DF3FF /* Debug */,
				D81166E524AE9259000DF3FF /* Release */,
			);
			defaultConfigurationIsVisible = 0;
			defaultConfigurationName = Release;
		};
		D81166E624AE9259000DF3FF /* Build configuration list for PBXNativeTarget "iOS-Native-Sandbox" */ = {
			isa = XCConfigurationList;
			buildConfigurations = (
				D81166E724AE9259000DF3FF /* Debug */,
				D81166E824AE9259000DF3FF /* Release */,
			);
			defaultConfigurationIsVisible = 0;
			defaultConfigurationName = Release;
		};
		D81166E924AE9259000DF3FF /* Build configuration list for PBXNativeTarget "iOS-Native-SandboxTests" */ = {
			isa = XCConfigurationList;
			buildConfigurations = (
				D81166EA24AE9259000DF3FF /* Debug */,
				D81166EB24AE9259000DF3FF /* Release */,
			);
			defaultConfigurationIsVisible = 0;
			defaultConfigurationName = Release;
		};
		D81166EC24AE9259000DF3FF /* Build configuration list for PBXNativeTarget "iOS-Native-SandboxUITests" */ = {
			isa = XCConfigurationList;
			buildConfigurations = (
				D81166ED24AE9259000DF3FF /* Debug */,
				D81166EE24AE9259000DF3FF /* Release */,
			);
			defaultConfigurationIsVisible = 0;
			defaultConfigurationName = Release;
		};
/* End XCConfigurationList section */
	};
	rootObject = D81166B424AE9258000DF3FF /* Project object */;
}
